
Microsoft Visual Studio Solution File, Format Version 12.00
# Visual Studio 15
Project("{FAE04EC0-301F-11D3-BF4B-00C04F79EFBC}") = "Assembly-CSharp", "Assembly-CSharp.csproj", "{A9489FFF-824E-3296-64A5-236530E43DAD}"
EndProject
Global
	GlobalSection(SolutionConfigurationPlatforms) = preSolution
		Debug|Any CPU = Debug|Any CPU
		Release|Any CPU = Release|Any CPU
	EndGlobalSection
	GlobalSection(ProjectConfigurationPlatforms) = postSolution
		{A9489FFF-824E-3296-64A5-236530E43DAD}.Debug|Any CPU.ActiveCfg = Debug|Any CPU
		{A9489FFF-824E-3296-64A5-236530E43DAD}.Debug|Any CPU.Build.0 = Debug|Any CPU
		{A9489FFF-824E-3296-64A5-236530E43DAD}.Release|Any CPU.ActiveCfg = Release|Any CPU
		{A9489FFF-824E-3296-64A5-236530E43DAD}.Release|Any CPU.Build.0 = Release|Any CPU
	EndGlobalSection
	GlobalSection(SolutionProperties) = preSolution
		HideSolutionNode = FALSE
	EndGlobalSection
EndGlobal
